
Microsoft Visual Studio Solution File, Format Version 12.00
# Visual Studio Version 17
VisualStudioVersion = 17.0.32112.339
MinimumVisualStudioVersion = 10.0.40219.1
Project("{2150E333-8FDC-42A3-9474-1A3956D46DE8}") = "Fanout", "Fanout", "{71E1B599-1006-4FA3-8781-381742C8E6F0}"
EndProject
Project("{2150E333-8FDC-42A3-9474-1A3956D46DE8}") = "Producer", "Producer", "{524C46C8-9116-4A4A-9D51-D7D240EDC8D3}"
EndProject
Project("{2150E333-8FDC-42A3-9474-1A3956D46DE8}") = "Consumer", "Consumer", "{1655658C-4137-4098-BA96-9A56E2E8CFD6}"
EndProject
Project("{2150E333-8FDC-42A3-9474-1A3956D46DE8}") = "Direct", "Direct", "{B63E347B-6A35-409B-90D9-DDE59F25B7CA}"
EndProject
Project("{9A19103F-16F7-4668-BE54-9A1E7A4F7556}") = "Fanout-consumer", "Fanout\Consumer\Fanout-consumer\Fanout-consumer.csproj", "{DA5D3739-40E7-4392-A79D-0787CCE4EF1A}"
EndProject
Project("{9A19103F-16F7-4668-BE54-9A1E7A4F7556}") = "Fanout-producer", "Fanout\Producer\Fanout-producer\Fanout-producer.csproj", "{EFF3E1AE-0BAC-4E66-BDD6-BDCB3171D2D2}"
EndProject
Project("{2150E333-8FDC-42A3-9474-1A3956D46DE8}") = "Producer", "Producer", "{F415405A-8724-41B5-874B-6FD4ADBCF086}"
EndProject
Project("{2150E333-8FDC-42A3-9474-1A3956D46DE8}") = "Consumer", "Consumer", "{B71D9CDE-6D6A-4BAC-B4D2-F792E2511710}"
EndProject
Project("{FAE04EC0-301F-11D3-BF4B-00C04F79EFBC}") = "Direct-producer", "Direct\Producer\Direct-producer\Direct-producer.csproj", "{DB925190-F885-43DC-B5CE-9327A51862F8}"
EndProject
Project("{FAE04EC0-301F-11D3-BF4B-00C04F79EFBC}") = "Direct-consumer", "Direct\Consumer\Direct-consumer\Direct-consumer.csproj", "{43F6546B-EFB2-46E6-9A48-B6DD30CF5615}"
EndProject
Global
	GlobalSection(SolutionConfigurationPlatforms) = preSolution
		Debug|Any CPU = Debug|Any CPU
		Release|Any CPU = Release|Any CPU
	EndGlobalSection
	GlobalSection(ProjectConfigurationPlatforms) = postSolution
		{DA5D3739-40E7-4392-A79D-0787CCE4EF1A}.Debug|Any CPU.ActiveCfg = Debug|Any CPU
		{DA5D3739-40E7-4392-A79D-0787CCE4EF1A}.Debug|Any CPU.Build.0 = Debug|Any CPU
		{DA5D3739-40E7-4392-A79D-0787CCE4EF1A}.Release|Any CPU.ActiveCfg = Release|Any CPU
		{DA5D3739-40E7-4392-A79D-0787CCE4EF1A}.Release|Any CPU.Build.0 = Release|Any CPU
		{EFF3E1AE-0BAC-4E66-BDD6-BDCB3171D2D2}.Debug|Any CPU.ActiveCfg = Debug|Any CPU
		{EFF3E1AE-0BAC-4E66-BDD6-BDCB3171D2D2}.Debug|Any CPU.Build.0 = Debug|Any CPU
		{EFF3E1AE-0BAC-4E66-BDD6-BDCB3171D2D2}.Release|Any CPU.ActiveCfg = Release|Any CPU
		{EFF3E1AE-0BAC-4E66-BDD6-BDCB3171D2D2}.Release|Any CPU.Build.0 = Release|Any CPU
		{DB925190-F885-43DC-B5CE-9327A51862F8}.Debug|Any CPU.ActiveCfg = Debug|Any CPU
		{DB925190-F885-43DC-B5CE-9327A51862F8}.Debug|Any CPU.Build.0 = Debug|Any CPU
		{DB925190-F885-43DC-B5CE-9327A51862F8}.Release|Any CPU.ActiveCfg = Release|Any CPU
		{DB925190-F885-43DC-B5CE-9327A51862F8}.Release|Any CPU.Build.0 = Release|Any CPU
		{43F6546B-EFB2-46E6-9A48-B6DD30CF5615}.Debug|Any CPU.ActiveCfg = Debug|Any CPU
		{43F6546B-EFB2-46E6-9A48-B6DD30CF5615}.Debug|Any CPU.Build.0 = Debug|Any CPU
		{43F6546B-EFB2-46E6-9A48-B6DD30CF5615}.Release|Any CPU.ActiveCfg = Release|Any CPU
		{43F6546B-EFB2-46E6-9A48-B6DD30CF5615}.Release|Any CPU.Build.0 = Release|Any CPU
	EndGlobalSection
	GlobalSection(SolutionProperties) = preSolution
		HideSolutionNode = FALSE
	EndGlobalSection
	GlobalSection(NestedProjects) = preSolution
		{524C46C8-9116-4A4A-9D51-D7D240EDC8D3} = {71E1B599-1006-4FA3-8781-381742C8E6F0}
		{1655658C-4137-4098-BA96-9A56E2E8CFD6} = {71E1B599-1006-4FA3-8781-381742C8E6F0}
		{DA5D3739-40E7-4392-A79D-0787CCE4EF1A} = {1655658C-4137-4098-BA96-9A56E2E8CFD6}
		{EFF3E1AE-0BAC-4E66-BDD6-BDCB3171D2D2} = {524C46C8-9116-4A4A-9D51-D7D240EDC8D3}
		{F415405A-8724-41B5-874B-6FD4ADBCF086} = {B63E347B-6A35-409B-90D9-DDE59F25B7CA}
		{B71D9CDE-6D6A-4BAC-B4D2-F792E2511710} = {B63E347B-6A35-409B-90D9-DDE59F25B7CA}
		{DB925190-F885-43DC-B5CE-9327A51862F8} = {F415405A-8724-41B5-874B-6FD4ADBCF086}
		{43F6546B-EFB2-46E6-9A48-B6DD30CF5615} = {B71D9CDE-6D6A-4BAC-B4D2-F792E2511710}
	EndGlobalSection
	GlobalSection(ExtensibilityGlobals) = postSolution
		SolutionGuid = {13EA6627-6BB1-41C1-9815-1F52BFE52DDE}
	EndGlobalSection
EndGlobal
